
Microsoft Visual Studio Solution File, Format Version 12.00
# Visual Studio Version 17
VisualStudioVersion = 17.5.33103.201
MinimumVisualStudioVersion = 10.0.40219.1
Project("{FAE04EC0-301F-11D3-BF4B-00C04F79EFBC}") = "tx-autogenerated-forms", "tx-autogenerated-forms\tx-autogenerated-forms.csproj", "{2BEF20BD-C482-4400-9806-A2EAF40EA4EA}"
EndProject
Global
	GlobalSection(SolutionConfigurationPlatforms) = preSolution
		Debug|Any CPU = Debug|Any CPU
		Release|Any CPU = Release|Any CPU
	EndGlobalSection
	GlobalSection(ProjectConfigurationPlatforms) = postSolution
		{2BEF20BD-C482-4400-9806-A2EAF40EA4EA}.Debug|Any CPU.ActiveCfg = Debug|Any CPU
		{2BEF20BD-C482-4400-9806-A2EAF40EA4EA}.Debug|Any CPU.Build.0 = Debug|Any CPU
		{2BEF20BD-C482-4400-9806-A2EAF40EA4EA}.Release|Any CPU.ActiveCfg = Release|Any CPU
		{2BEF20BD-C482-4400-9806-A2EAF40EA4EA}.Release|Any CPU.Build.0 = Release|Any CPU
	EndGlobalSection
	GlobalSection(SolutionProperties) = preSolution
		HideSolutionNode = FALSE
	EndGlobalSection
	GlobalSection(ExtensibilityGlobals) = postSolution
		SolutionGuid = {BFDAC455-B20D-4524-9183-62A4459361CE}
	EndGlobalSection
EndGlobal
